
Microsoft Visual Studio Solution File, Format Version 12.00
# Visual Studio Version 17
VisualStudioVersion = 17.6.33801.468
MinimumVisualStudioVersion = 10.0.40219.1
Project("{FAE04EC0-301F-11D3-BF4B-00C04F79EFBC}") = "YoutubeVideoDownloader", "YoutubeVideoDownloader\YoutubeVideoDownloader.csproj", "{0311A769-9D22-4E99-84BA-664647D79B8D}"
EndProject
Global
	GlobalSection(SolutionConfigurationPlatforms) = preSolution
		Debug|Any CPU = Debug|Any CPU
		Release|Any CPU = Release|Any CPU
	EndGlobalSection
	GlobalSection(ProjectConfigurationPlatforms) = postSolution
		{0311A769-9D22-4E99-84BA-664647D79B8D}.Debug|Any CPU.ActiveCfg = Debug|Any CPU
		{0311A769-9D22-4E99-84BA-664647D79B8D}.Debug|Any CPU.Build.0 = Debug|Any CPU
		{0311A769-9D22-4E99-84BA-664647D79B8D}.Release|Any CPU.ActiveCfg = Release|Any CPU
		{0311A769-9D22-4E99-84BA-664647D79B8D}.Release|Any CPU.Build.0 = Release|Any CPU
	EndGlobalSection
	GlobalSection(SolutionProperties) = preSolution
		HideSolutionNode = FALSE
	EndGlobalSection
	GlobalSection(ExtensibilityGlobals) = postSolution
		SolutionGuid = {672923F7-712E-409F-B076-87D6AACCD2F3}
	EndGlobalSection
EndGlobal
